
Microsoft Visual Studio Solution File, Format Version 12.00
# Visual Studio Version 17
VisualStudioVersion = 17.9.34622.214
MinimumVisualStudioVersion = 10.0.40219.1
Project("{2150E333-8FDC-42A3-9474-1A3956D46DE8}") = "Services", "Services", "{DC9DAE8C-900F-4EE5-8FF1-FD3A37E6CC59}"
EndProject
Project("{2150E333-8FDC-42A3-9474-1A3956D46DE8}") = "Discount", "Discount", "{0BB16F40-D3EF-41EB-A188-329AEE40413B}"
EndProject
Project("{9A19103F-16F7-4668-BE54-9A1E7A4F7556}") = "MultiShop.Discount", "Services\Discount\MultiShop.Discount\MultiShop.Discount.csproj", "{205A86B2-1EFB-4848-B0BB-EF99A8A8118A}"
EndProject
Project("{2150E333-8FDC-42A3-9474-1A3956D46DE8}") = "Order", "Order", "{876181B0-936B-42A0-AE36-1D818DC358E2}"
EndProject
Project("{2150E333-8FDC-42A3-9474-1A3956D46DE8}") = "Core", "Core", "{F6FD185D-BEED-4C40-8EA5-788BCDBAC65C}"
EndProject
Project("{2150E333-8FDC-42A3-9474-1A3956D46DE8}") = "Presentation", "Presentation", "{E08866F2-0F01-4BA8-8AB7-16904B3BE2D2}"
EndProject
Project("{2150E333-8FDC-42A3-9474-1A3956D46DE8}") = "Infrastructure", "Infrastructure", "{9777CD42-B904-4AB9-A4F6-D5FB53ACE70E}"
EndProject
Project("{9A19103F-16F7-4668-BE54-9A1E7A4F7556}") = "MultiShop.Order.Domain", "Services\Order\Core\MultiShop.Order.Domain\MultiShop.Order.Domain.csproj", "{83106D13-62A4-4F15-A78E-1D4B14687E1D}"
EndProject
Project("{9A19103F-16F7-4668-BE54-9A1E7A4F7556}") = "MultiShop.Order.Application", "Services\Order\Core\MultiShop.Order.Application\MultiShop.Order.Application.csproj", "{45DE35A4-BDBA-4491-9836-EED792D3F179}"
EndProject
Project("{9A19103F-16F7-4668-BE54-9A1E7A4F7556}") = "MultiShop.Order.Persistence", "Services\Order\Infastucture\MultiShop.Order.Persistence\MultiShop.Order.Persistence.csproj", "{8D1770A8-70CC-48FD-9C73-8D28E681B924}"
EndProject
Project("{9A19103F-16F7-4668-BE54-9A1E7A4F7556}") = "MultiShop.Order.WebApi", "Services\Order\Presentation\MultiShop.Order.WebApi\MultiShop.Order.WebApi.csproj", "{9CD04750-227F-4AA6-94BE-11A1D6EB822A}"
EndProject
Project("{2150E333-8FDC-42A3-9474-1A3956D46DE8}") = "Catalog", "Catalog", "{8B354A4D-62C9-40B8-AFA1-B03A891CC0E6}"
EndProject
Project("{9A19103F-16F7-4668-BE54-9A1E7A4F7556}") = "MultiShop.Catalog", "Services\Catalog\MultiShop.Catalog\MultiShop.Catalog.csproj", "{23D5CD57-B0AF-4854-867D-954A65630FC8}"
EndProject
Project("{2150E333-8FDC-42A3-9474-1A3956D46DE8}") = "IdentityServer", "IdentityServer", "{88EE75E1-8104-4A21-BBAC-0D53C59EFC11}"
EndProject
Project("{9A19103F-16F7-4668-BE54-9A1E7A4F7556}") = "MultiShop.IdentityServer", "IdentityServer\MultiShop.IdentityServer\MultiShop.IdentityServer.csproj", "{6F96C8D4-3D95-4709-95EE-56929EC22A4D}"
EndProject
Project("{2150E333-8FDC-42A3-9474-1A3956D46DE8}") = "Cargo", "Cargo", "{7D8AE5AE-1FC8-436C-847A-935A4C324100}"
EndProject
Project("{9A19103F-16F7-4668-BE54-9A1E7A4F7556}") = "MultiShop.Cargo.EntityLayer", "Services\Cargo\MultiShop.Cargo.EntityLayer\MultiShop.Cargo.EntityLayer.csproj", "{153E7677-A27C-4825-9826-28B679578B6B}"
EndProject
Project("{9A19103F-16F7-4668-BE54-9A1E7A4F7556}") = "MultiShop.Cargo.BuisnessLayer", "Services\Cargo\MultiShop.Cargo.BuisnessLayer\MultiShop.Cargo.BuisnessLayer.csproj", "{4ED5F050-C0A5-43DA-A396-E27EA692634A}"
EndProject
Project("{9A19103F-16F7-4668-BE54-9A1E7A4F7556}") = "MultiShop.Cargo.DataAccessLayer", "Services\Cargo\MultiShop.Cargo.DataAccessLayer\MultiShop.Cargo.DataAccessLayer.csproj", "{2FF7DBAA-536F-42A3-8E6D-BFF5191E12F6}"
EndProject
Project("{9A19103F-16F7-4668-BE54-9A1E7A4F7556}") = "MultiShop.Cargo.DtoLayer", "Services\Cargo\MultiShop.Cargo.DtoLayer\MultiShop.Cargo.DtoLayer.csproj", "{F802896B-E63D-4607-A95F-3DAE373FA2CD}"
EndProject
Project("{9A19103F-16F7-4668-BE54-9A1E7A4F7556}") = "MultiShop.Cargo.WebApi", "Services\Cargo\MultiShop.Cargo.WebApi\MultiShop.Cargo.WebApi.csproj", "{8E3C62D7-DE62-4E4C-8815-159C55E64811}"
EndProject
Project("{2150E333-8FDC-42A3-9474-1A3956D46DE8}") = "Basket", "Basket", "{2AB1EE4B-B43F-4F2A-BD40-9439FDABD000}"
EndProject
Project("{9A19103F-16F7-4668-BE54-9A1E7A4F7556}") = "MultiShop.Basket", "Services\Basket\MultiShop.Basket\MultiShop.Basket.csproj", "{6BDAF6A2-1D28-4296-B226-F59B2713668E}"
EndProject
Project("{2150E333-8FDC-42A3-9474-1A3956D46DE8}") = "Frontends", "Frontends", "{A416D131-00EC-45B1-971C-94E850151FA4}"
EndProject
Project("{FAE04EC0-301F-11D3-BF4B-00C04F79EFBC}") = "MultiShop.WebUI", "Frontends\MultiShop.WebUI\MultiShop.WebUI.csproj", "{8C090502-E5B7-4893-9BD2-AD34C2DDA839}"
EndProject
Global
	GlobalSection(SolutionConfigurationPlatforms) = preSolution
		Debug|Any CPU = Debug|Any CPU
		Release|Any CPU = Release|Any CPU
	EndGlobalSection
	GlobalSection(ProjectConfigurationPlatforms) = postSolution
		{205A86B2-1EFB-4848-B0BB-EF99A8A8118A}.Debug|Any CPU.ActiveCfg = Debug|Any CPU
		{205A86B2-1EFB-4848-B0BB-EF99A8A8118A}.Debug|Any CPU.Build.0 = Debug|Any CPU
		{205A86B2-1EFB-4848-B0BB-EF99A8A8118A}.Release|Any CPU.ActiveCfg = Release|Any CPU
		{205A86B2-1EFB-4848-B0BB-EF99A8A8118A}.Release|Any CPU.Build.0 = Release|Any CPU
		{83106D13-62A4-4F15-A78E-1D4B14687E1D}.Debug|Any CPU.ActiveCfg = Debug|Any CPU
		{83106D13-62A4-4F15-A78E-1D4B14687E1D}.Debug|Any CPU.Build.0 = Debug|Any CPU
		{83106D13-62A4-4F15-A78E-1D4B14687E1D}.Release|Any CPU.ActiveCfg = Release|Any CPU
		{83106D13-62A4-4F15-A78E-1D4B14687E1D}.Release|Any CPU.Build.0 = Release|Any CPU
		{45DE35A4-BDBA-4491-9836-EED792D3F179}.Debug|Any CPU.ActiveCfg = Debug|Any CPU
		{45DE35A4-BDBA-4491-9836-EED792D3F179}.Debug|Any CPU.Build.0 = Debug|Any CPU
		{45DE35A4-BDBA-4491-9836-EED792D3F179}.Release|Any CPU.ActiveCfg = Release|Any CPU
		{45DE35A4-BDBA-4491-9836-EED792D3F179}.Release|Any CPU.Build.0 = Release|Any CPU
		{8D1770A8-70CC-48FD-9C73-8D28E681B924}.Debug|Any CPU.ActiveCfg = Debug|Any CPU
		{8D1770A8-70CC-48FD-9C73-8D28E681B924}.Debug|Any CPU.Build.0 = Debug|Any CPU
		{8D1770A8-70CC-48FD-9C73-8D28E681B924}.Release|Any CPU.ActiveCfg = Release|Any CPU
		{8D1770A8-70CC-48FD-9C73-8D28E681B924}.Release|Any CPU.Build.0 = Release|Any CPU
		{9CD04750-227F-4AA6-94BE-11A1D6EB822A}.Debug|Any CPU.ActiveCfg = Debug|Any CPU
		{9CD04750-227F-4AA6-94BE-11A1D6EB822A}.Debug|Any CPU.Build.0 = Debug|Any CPU
		{9CD04750-227F-4AA6-94BE-11A1D6EB822A}.Release|Any CPU.ActiveCfg = Release|Any CPU
		{9CD04750-227F-4AA6-94BE-11A1D6EB822A}.Release|Any CPU.Build.0 = Release|Any CPU
		{23D5CD57-B0AF-4854-867D-954A65630FC8}.Debug|Any CPU.ActiveCfg = Debug|Any CPU
		{23D5CD57-B0AF-4854-867D-954A65630FC8}.Debug|Any CPU.Build.0 = Debug|Any CPU
		{23D5CD57-B0AF-4854-867D-954A65630FC8}.Release|Any CPU.ActiveCfg = Release|Any CPU
		{23D5CD57-B0AF-4854-867D-954A65630FC8}.Release|Any CPU.Build.0 = Release|Any CPU
		{6F96C8D4-3D95-4709-95EE-56929EC22A4D}.Debug|Any CPU.ActiveCfg = Debug|Any CPU
		{6F96C8D4-3D95-4709-95EE-56929EC22A4D}.Debug|Any CPU.Build.0 = Debug|Any CPU
		{6F96C8D4-3D95-4709-95EE-56929EC22A4D}.Release|Any CPU.ActiveCfg = Release|Any CPU
		{6F96C8D4-3D95-4709-95EE-56929EC22A4D}.Release|Any CPU.Build.0 = Release|Any CPU
		{153E7677-A27C-4825-9826-28B679578B6B}.Debug|Any CPU.ActiveCfg = Debug|Any CPU
		{153E7677-A27C-4825-9826-28B679578B6B}.Debug|Any CPU.Build.0 = Debug|Any CPU
		{153E7677-A27C-4825-9826-28B679578B6B}.Release|Any CPU.ActiveCfg = Release|Any CPU
		{153E7677-A27C-4825-9826-28B679578B6B}.Release|Any CPU.Build.0 = Release|Any CPU
		{4ED5F050-C0A5-43DA-A396-E27EA692634A}.Debug|Any CPU.ActiveCfg = Debug|Any CPU
		{4ED5F050-C0A5-43DA-A396-E27EA692634A}.Debug|Any CPU.Build.0 = Debug|Any CPU
		{4ED5F050-C0A5-43DA-A396-E27EA692634A}.Release|Any CPU.ActiveCfg = Release|Any CPU
		{4ED5F050-C0A5-43DA-A396-E27EA692634A}.Release|Any CPU.Build.0 = Release|Any CPU
		{2FF7DBAA-536F-42A3-8E6D-BFF5191E12F6}.Debug|Any CPU.ActiveCfg = Debug|Any CPU
		{2FF7DBAA-536F-42A3-8E6D-BFF5191E12F6}.Debug|Any CPU.Build.0 = Debug|Any CPU
		{2FF7DBAA-536F-42A3-8E6D-BFF5191E12F6}.Release|Any CPU.ActiveCfg = Release|Any CPU
		{2FF7DBAA-536F-42A3-8E6D-BFF5191E12F6}.Release|Any CPU.Build.0 = Release|Any CPU
		{F802896B-E63D-4607-A95F-3DAE373FA2CD}.Debug|Any CPU.ActiveCfg = Debug|Any CPU
		{F802896B-E63D-4607-A95F-3DAE373FA2CD}.Debug|Any CPU.Build.0 = Debug|Any CPU
		{F802896B-E63D-4607-A95F-3DAE373FA2CD}.Release|Any CPU.ActiveCfg = Release|Any CPU
		{F802896B-E63D-4607-A95F-3DAE373FA2CD}.Release|Any CPU.Build.0 = Release|Any CPU
		{8E3C62D7-DE62-4E4C-8815-159C55E64811}.Debug|Any CPU.ActiveCfg = Debug|Any CPU
		{8E3C62D7-DE62-4E4C-8815-159C55E64811}.Debug|Any CPU.Build.0 = Debug|Any CPU
		{8E3C62D7-DE62-4E4C-8815-159C55E64811}.Release|Any CPU.ActiveCfg = Release|Any CPU
		{8E3C62D7-DE62-4E4C-8815-159C55E64811}.Release|Any CPU.Build.0 = Release|Any CPU
		{6BDAF6A2-1D28-4296-B226-F59B2713668E}.Debug|Any CPU.ActiveCfg = Debug|Any CPU
		{6BDAF6A2-1D28-4296-B226-F59B2713668E}.Debug|Any CPU.Build.0 = Debug|Any CPU
		{6BDAF6A2-1D28-4296-B226-F59B2713668E}.Release|Any CPU.ActiveCfg = Release|Any CPU
		{6BDAF6A2-1D28-4296-B226-F59B2713668E}.Release|Any CPU.Build.0 = Release|Any CPU
		{8C090502-E5B7-4893-9BD2-AD34C2DDA839}.Debug|Any CPU.ActiveCfg = Debug|Any CPU
		{8C090502-E5B7-4893-9BD2-AD34C2DDA839}.Debug|Any CPU.Build.0 = Debug|Any CPU
		{8C090502-E5B7-4893-9BD2-AD34C2DDA839}.Release|Any CPU.ActiveCfg = Release|Any CPU
		{8C090502-E5B7-4893-9BD2-AD34C2DDA839}.Release|Any CPU.Build.0 = Release|Any CPU
	EndGlobalSection
	GlobalSection(SolutionProperties) = preSolution
		HideSolutionNode = FALSE
	EndGlobalSection
	GlobalSection(NestedProjects) = preSolution
		{0BB16F40-D3EF-41EB-A188-329AEE40413B} = {DC9DAE8C-900F-4EE5-8FF1-FD3A37E6CC59}
		{205A86B2-1EFB-4848-B0BB-EF99A8A8118A} = {0BB16F40-D3EF-41EB-A188-329AEE40413B}
		{876181B0-936B-42A0-AE36-1D818DC358E2} = {DC9DAE8C-900F-4EE5-8FF1-FD3A37E6CC59}
		{F6FD185D-BEED-4C40-8EA5-788BCDBAC65C} = {876181B0-936B-42A0-AE36-1D818DC358E2}
		{E08866F2-0F01-4BA8-8AB7-16904B3BE2D2} = {876181B0-936B-42A0-AE36-1D818DC358E2}
		{9777CD42-B904-4AB9-A4F6-D5FB53ACE70E} = {876181B0-936B-42A0-AE36-1D818DC358E2}
		{83106D13-62A4-4F15-A78E-1D4B14687E1D} = {F6FD185D-BEED-4C40-8EA5-788BCDBAC65C}
		{45DE35A4-BDBA-4491-9836-EED792D3F179} = {F6FD185D-BEED-4C40-8EA5-788BCDBAC65C}
		{8D1770A8-70CC-48FD-9C73-8D28E681B924} = {9777CD42-B904-4AB9-A4F6-D5FB53ACE70E}
		{9CD04750-227F-4AA6-94BE-11A1D6EB822A} = {E08866F2-0F01-4BA8-8AB7-16904B3BE2D2}
		{8B354A4D-62C9-40B8-AFA1-B03A891CC0E6} = {DC9DAE8C-900F-4EE5-8FF1-FD3A37E6CC59}
		{23D5CD57-B0AF-4854-867D-954A65630FC8} = {8B354A4D-62C9-40B8-AFA1-B03A891CC0E6}
		{6F96C8D4-3D95-4709-95EE-56929EC22A4D} = {88EE75E1-8104-4A21-BBAC-0D53C59EFC11}
		{7D8AE5AE-1FC8-436C-847A-935A4C324100} = {DC9DAE8C-900F-4EE5-8FF1-FD3A37E6CC59}
		{153E7677-A27C-4825-9826-28B679578B6B} = {7D8AE5AE-1FC8-436C-847A-935A4C324100}
		{4ED5F050-C0A5-43DA-A396-E27EA692634A} = {7D8AE5AE-1FC8-436C-847A-935A4C324100}
		{2FF7DBAA-536F-42A3-8E6D-BFF5191E12F6} = {7D8AE5AE-1FC8-436C-847A-935A4C324100}
		{F802896B-E63D-4607-A95F-3DAE373FA2CD} = {7D8AE5AE-1FC8-436C-847A-935A4C324100}
		{8E3C62D7-DE62-4E4C-8815-159C55E64811} = {7D8AE5AE-1FC8-436C-847A-935A4C324100}
		{2AB1EE4B-B43F-4F2A-BD40-9439FDABD000} = {DC9DAE8C-900F-4EE5-8FF1-FD3A37E6CC59}
		{6BDAF6A2-1D28-4296-B226-F59B2713668E} = {2AB1EE4B-B43F-4F2A-BD40-9439FDABD000}
		{8C090502-E5B7-4893-9BD2-AD34C2DDA839} = {A416D131-00EC-45B1-971C-94E850151FA4}
	EndGlobalSection
	GlobalSection(ExtensibilityGlobals) = postSolution
		SolutionGuid = {24CA27F0-DE52-4D77-8C33-EF8AE8535B90}
	EndGlobalSection
EndGlobal
